
Microsoft Visual Studio Solution File, Format Version 12.00
# Visual Studio Version 16
VisualStudioVersion = 16.0.30907.101
MinimumVisualStudioVersion = 10.0.40219.1
Project("{FAE04EC0-301F-11D3-BF4B-00C04F79EFBC}") = "DataAccess", "DataAccess\DataAccess.csproj", "{9B75B4DE-C1FD-47D9-9C61-AD9B0A475787}"
EndProject
Project("{FAE04EC0-301F-11D3-BF4B-00C04F79EFBC}") = "Business", "Business\Business.csproj", "{7C8C5AC1-F613-4284-BFAD-DB00731DA35B}"
EndProject
Project("{FAE04EC0-301F-11D3-BF4B-00C04F79EFBC}") = "Entities", "Entities\Entities.csproj", "{1FB7B81D-51EC-4C76-901B-3BF93B8147C9}"
EndProject
Project("{FAE04EC0-301F-11D3-BF4B-00C04F79EFBC}") = "ConsoleUI2", "ConsoleApp1\ConsoleUI2.csproj", "{6E2A8EE0-688C-42B2-A85D-7EBF6AA6CF2E}"
EndProject
Global
	GlobalSection(SolutionConfigurationPlatforms) = preSolution
		Debug|Any CPU = Debug|Any CPU
		Release|Any CPU = Release|Any CPU
	EndGlobalSection
	GlobalSection(ProjectConfigurationPlatforms) = postSolution
		{9B75B4DE-C1FD-47D9-9C61-AD9B0A475787}.Debug|Any CPU.ActiveCfg = Debug|Any CPU
		{9B75B4DE-C1FD-47D9-9C61-AD9B0A475787}.Debug|Any CPU.Build.0 = Debug|Any CPU
		{9B75B4DE-C1FD-47D9-9C61-AD9B0A475787}.Release|Any CPU.ActiveCfg = Release|Any CPU
		{9B75B4DE-C1FD-47D9-9C61-AD9B0A475787}.Release|Any CPU.Build.0 = Release|Any CPU
		{7C8C5AC1-F613-4284-BFAD-DB00731DA35B}.Debug|Any CPU.ActiveCfg = Debug|Any CPU
		{7C8C5AC1-F613-4284-BFAD-DB00731DA35B}.Debug|Any CPU.Build.0 = Debug|Any CPU
		{7C8C5AC1-F613-4284-BFAD-DB00731DA35B}.Release|Any CPU.ActiveCfg = Release|Any CPU
		{7C8C5AC1-F613-4284-BFAD-DB00731DA35B}.Release|Any CPU.Build.0 = Release|Any CPU
		{1FB7B81D-51EC-4C76-901B-3BF93B8147C9}.Debug|Any CPU.ActiveCfg = Debug|Any CPU
		{1FB7B81D-51EC-4C76-901B-3BF93B8147C9}.Debug|Any CPU.Build.0 = Debug|Any CPU
		{1FB7B81D-51EC-4C76-901B-3BF93B8147C9}.Release|Any CPU.ActiveCfg = Release|Any CPU
		{1FB7B81D-51EC-4C76-901B-3BF93B8147C9}.Release|Any CPU.Build.0 = Release|Any CPU
		{6E2A8EE0-688C-42B2-A85D-7EBF6AA6CF2E}.Debug|Any CPU.ActiveCfg = Debug|Any CPU
		{6E2A8EE0-688C-42B2-A85D-7EBF6AA6CF2E}.Debug|Any CPU.Build.0 = Debug|Any CPU
		{6E2A8EE0-688C-42B2-A85D-7EBF6AA6CF2E}.Release|Any CPU.ActiveCfg = Release|Any CPU
		{6E2A8EE0-688C-42B2-A85D-7EBF6AA6CF2E}.Release|Any CPU.Build.0 = Release|Any CPU
	EndGlobalSection
	GlobalSection(SolutionProperties) = preSolution
		HideSolutionNode = FALSE
	EndGlobalSection
	GlobalSection(ExtensibilityGlobals) = postSolution
		SolutionGuid = {B5B5958A-B8B8-4D25-B419-738DEBC2C7AD}
	EndGlobalSection
EndGlobal
